
Microsoft Visual Studio Solution File, Format Version 12.00
# Visual Studio Version 17
VisualStudioVersion = 17.1.32328.378
MinimumVisualStudioVersion = 10.0.40219.1
Project("{FAE04EC0-301F-11D3-BF4B-00C04F79EFBC}") = "DbExpCSV", "DbExpCSV.csproj", "{14A778B6-442E-45F4-9ACC-6AFE5F15308C}"
EndProject
Global
	GlobalSection(SolutionConfigurationPlatforms) = preSolution
		Debug|Any CPU = Debug|Any CPU
		Release|Any CPU = Release|Any CPU
	EndGlobalSection
	GlobalSection(ProjectConfigurationPlatforms) = postSolution
		{14A778B6-442E-45F4-9ACC-6AFE5F15308C}.Debug|Any CPU.ActiveCfg = Debug|Any CPU
		{14A778B6-442E-45F4-9ACC-6AFE5F15308C}.Debug|Any CPU.Build.0 = Debug|Any CPU
		{14A778B6-442E-45F4-9ACC-6AFE5F15308C}.Release|Any CPU.ActiveCfg = Release|Any CPU
		{14A778B6-442E-45F4-9ACC-6AFE5F15308C}.Release|Any CPU.Build.0 = Release|Any CPU
	EndGlobalSection
	GlobalSection(SolutionProperties) = preSolution
		HideSolutionNode = FALSE
	EndGlobalSection
	GlobalSection(ExtensibilityGlobals) = postSolution
		SolutionGuid = {00AFDC33-6876-4E2F-82B6-E22066B2DE0B}
	EndGlobalSection
EndGlobal
